// !$*UTF8*$!
{
	archiveVersion = 1;
	classes = {
	};
	objectVersion = 55;
	objects = {

/* Begin PBXBuildFile section */
		B51EAA1528FDD841008CEF10 /* CategoryViewController.swift in Sources */ = {isa = PBXBuildFile; fileRef = B51EAA1428FDD841008CEF10 /* CategoryViewController.swift */; };
		B51EAA1C28FF21AB008CEF10 /* Realm in Frameworks */ = {isa = PBXBuildFile; productRef = B51EAA1B28FF21AB008CEF10 /* Realm */; };
		B51EAA1E28FF21AB008CEF10 /* RealmSwift in Frameworks */ = {isa = PBXBuildFile; productRef = B51EAA1D28FF21AB008CEF10 /* RealmSwift */; };
		B5D4FB0D28F4B7330028998D /* AppDelegate.swift in Sources */ = {isa = PBXBuildFile; fileRef = B5D4FB0C28F4B7330028998D /* AppDelegate.swift */; };
		B5D4FB0F28F4B7330028998D /* SceneDelegate.swift in Sources */ = {isa = PBXBuildFile; fileRef = B5D4FB0E28F4B7330028998D /* SceneDelegate.swift */; };
		B5D4FB1128F4B7330028998D /* TodoListViewController.swift in Sources */ = {isa = PBXBuildFile; fileRef = B5D4FB1028F4B7330028998D /* TodoListViewController.swift */; };
		B5D4FB1428F4B7330028998D /* Main.storyboard in Resources */ = {isa = PBXBuildFile; fileRef = B5D4FB1228F4B7330028998D /* Main.storyboard */; };
		B5D4FB1628F4B7360028998D /* Assets.xcassets in Resources */ = {isa = PBXBuildFile; fileRef = B5D4FB1528F4B7360028998D /* Assets.xcassets */; };
		B5D4FB1928F4B7360028998D /* LaunchScreen.storyboard in Resources */ = {isa = PBXBuildFile; fileRef = B5D4FB1728F4B7360028998D /* LaunchScreen.storyboard */; };
		B5F7A3112902E51D006A022B /* Item.swift in Sources */ = {isa = PBXBuildFile; fileRef = B5F7A3102902E51D006A022B /* Item.swift */; };
		B5F7A3132902E52C006A022B /* Category.swift in Sources */ = {isa = PBXBuildFile; fileRef = B5F7A3122902E52C006A022B /* Category.swift */; };
/* End PBXBuildFile section */

/* Begin PBXFileReference section */
		B51EAA1428FDD841008CEF10 /* CategoryViewController.swift */ = {isa = PBXFileReference; lastKnownFileType = sourcecode.swift; path = CategoryViewController.swift; sourceTree = SOURCE_ROOT; };
		B5D4FB0928F4B7330028998D /* Todoey.app */ = {isa = PBXFileReference; explicitFileType = wrapper.application; includeInIndex = 0; path = Todoey.app; sourceTree = BUILT_PRODUCTS_DIR; };
		B5D4FB0C28F4B7330028998D /* AppDelegate.swift */ = {isa = PBXFileReference; lastKnownFileType = sourcecode.swift; path = AppDelegate.swift; sourceTree = "<group>"; };
		B5D4FB0E28F4B7330028998D /* SceneDelegate.swift */ = {isa = PBXFileReference; lastKnownFileType = sourcecode.swift; path = SceneDelegate.swift; sourceTree = "<group>"; };
		B5D4FB1028F4B7330028998D /* TodoListViewController.swift */ = {isa = PBXFileReference; lastKnownFileType = sourcecode.swift; path = TodoListViewController.swift; sourceTree = "<group>"; };
		B5D4FB1328F4B7330028998D /* Base */ = {isa = PBXFileReference; lastKnownFileType = file.storyboard; name = Base; path = Base.lproj/Main.storyboard; sourceTree = "<group>"; };
		B5D4FB1528F4B7360028998D /* Assets.xcassets */ = {isa = PBXFileReference; lastKnownFileType = folder.assetcatalog; path = Assets.xcassets; sourceTree = "<group>"; };
		B5D4FB1828F4B7360028998D /* Base */ = {isa = PBXFileReference; lastKnownFileType = file.storyboard; name = Base; path = Base.lproj/LaunchScreen.storyboard; sourceTree = "<group>"; };
		B5D4FB1A28F4B7360028998D /* Info.plist */ = {isa = PBXFileReference; lastKnownFileType = text.plist.xml; path = Info.plist; sourceTree = "<group>"; };
		B5F7A3102902E51D006A022B /* Item.swift */ = {isa = PBXFileReference; lastKnownFileType = sourcecode.swift; path = Item.swift; sourceTree = "<group>"; };
		B5F7A3122902E52C006A022B /* Category.swift */ = {isa = PBXFileReference; lastKnownFileType = sourcecode.swift; path = Category.swift; sourceTree = "<group>"; };
/* End PBXFileReference section */

/* Begin PBXFrameworksBuildPhase section */
		B5D4FB0628F4B7330028998D /* Frameworks */ = {
			isa = PBXFrameworksBuildPhase;
			buildActionMask = 2147483647;
			files = (
				B51EAA1E28FF21AB008CEF10 /* RealmSwift in Frameworks */,
				B51EAA1C28FF21AB008CEF10 /* Realm in Frameworks */,
			);
			runOnlyForDeploymentPostprocessing = 0;
		};
/* End PBXFrameworksBuildPhase section */

/* Begin PBXGroup section */
		B585895628F8A720006C6210 /* Data Model */ = {
			isa = PBXGroup;
			children = (
				B5F7A3102902E51D006A022B /* Item.swift */,
				B5F7A3122902E52C006A022B /* Category.swift */,
			);
			path = "Data Model";
			sourceTree = "<group>";
		};
		B585895728F8A735006C6210 /* Controllers */ = {
			isa = PBXGroup;
			children = (
				B51EAA1428FDD841008CEF10 /* CategoryViewController.swift */,
				B5D4FB1028F4B7330028998D /* TodoListViewController.swift */,
			);
			path = Controllers;
			sourceTree = "<group>";
		};
		B585895828F8A759006C6210 /* Views */ = {
			isa = PBXGroup;
			children = (
				B5D4FB1228F4B7330028998D /* Main.storyboard */,
			);
			path = Views;
			sourceTree = "<group>";
		};
		B585895928F8A79E006C6210 /* Supporting Files */ = {
			isa = PBXGroup;
			children = (
				B5D4FB1728F4B7360028998D /* LaunchScreen.storyboard */,
				B5D4FB1528F4B7360028998D /* Assets.xcassets */,
			);
			path = "Supporting Files";
			sourceTree = "<group>";
		};
		B5D4FB0028F4B7330028998D = {
			isa = PBXGroup;
			children = (
				B5D4FB0B28F4B7330028998D /* Todoey */,
				B5D4FB0A28F4B7330028998D /* Products */,
			);
			sourceTree = "<group>";
		};
		B5D4FB0A28F4B7330028998D /* Products */ = {
			isa = PBXGroup;
			children = (
				B5D4FB0928F4B7330028998D /* Todoey.app */,
			);
			name = Products;
			sourceTree = "<group>";
		};
		B5D4FB0B28F4B7330028998D /* Todoey */ = {
			isa = PBXGroup;
			children = (
				B5D4FB0C28F4B7330028998D /* AppDelegate.swift */,
				B585895628F8A720006C6210 /* Data Model */,
				B585895828F8A759006C6210 /* Views */,
				B585895728F8A735006C6210 /* Controllers */,
				B5D4FB0E28F4B7330028998D /* SceneDelegate.swift */,
				B585895928F8A79E006C6210 /* Supporting Files */,
				B5D4FB1A28F4B7360028998D /* Info.plist */,
			);
			path = Todoey;
			sourceTree = "<group>";
		};
/* End PBXGroup section */

/* Begin PBXNativeTarget section */
		B5D4FB0828F4B7330028998D /* Todoey */ = {
			isa = PBXNativeTarget;
			buildConfigurationList = B5D4FB1D28F4B7360028998D /* Build configuration list for PBXNativeTarget "Todoey" */;
			buildPhases = (
				B5D4FB0528F4B7330028998D /* Sources */,
				B5D4FB0628F4B7330028998D /* Frameworks */,
				B5D4FB0728F4B7330028998D /* Resources */,
			);
			buildRules = (
			);
			dependencies = (
			);
			name = Todoey;
			packageProductDependencies = (
				B51EAA1B28FF21AB008CEF10 /* Realm */,
				B51EAA1D28FF21AB008CEF10 /* RealmSwift */,
			);
			productName = Todoey;
			productReference = B5D4FB0928F4B7330028998D /* Todoey.app */;
			productType = "com.apple.product-type.application";
		};
/* End PBXNativeTarget section */

/* Begin PBXProject section */
		B5D4FB0128F4B7330028998D /* Project object */ = {
			isa = PBXProject;
			attributes = {
				BuildIndependentTargetsInParallel = 1;
				LastSwiftUpdateCheck = 1400;
				LastUpgradeCheck = 1400;
				TargetAttributes = {
					B5D4FB0828F4B7330028998D = {
						CreatedOnToolsVersion = 14.0;
					};
				};
			};
			buildConfigurationList = B5D4FB0428F4B7330028998D /* Build configuration list for PBXProject "Todoey" */;
			compatibilityVersion = "Xcode 13.0";
			developmentRegion = en;
			hasScannedForEncodings = 0;
			knownRegions = (
				en,
				Base,
			);
			mainGroup = B5D4FB0028F4B7330028998D;
			packageReferences = (
				B51EAA1A28FF21AB008CEF10 /* XCRemoteSwiftPackageReference "realm-swift" */,
			);
			productRefGroup = B5D4FB0A28F4B7330028998D /* Products */;
			projectDirPath = "";
			projectRoot = "";
			targets = (
				B5D4FB0828F4B7330028998D /* Todoey */,
			);
		};
/* End PBXProject section */

/* Begin PBXResourcesBuildPhase section */
		B5D4FB0728F4B7330028998D /* Resources */ = {
			isa = PBXResourcesBuildPhase;
			buildActionMask = 2147483647;
			files = (
				B5D4FB1928F4B7360028998D /* LaunchScreen.storyboard in Resources */,
				B5D4FB1628F4B7360028998D /* Assets.xcassets in Resources */,
				B5D4FB1428F4B7330028998D /* Main.storyboard in Resources */,
			);
			runOnlyForDeploymentPostprocessing = 0;
		};
/* End PBXResourcesBuildPhase section */

/* Begin PBXSourcesBuildPhase section */
		B5D4FB0528F4B7330028998D /* Sources */ = {
			isa = PBXSourcesBuildPhase;
			buildActionMask = 2147483647;
			files = (
				B51EAA1528FDD841008CEF10 /* CategoryViewController.swift in Sources */,
				B5D4FB1128F4B7330028998D /* TodoListViewController.swift in Sources */,
				B5D4FB0D28F4B7330028998D /* AppDelegate.swift in Sources */,
				B5F7A3112902E51D006A022B /* Item.swift in Sources */,
				B5D4FB0F28F4B7330028998D /* SceneDelegate.swift in Sources */,
				B5F7A3132902E52C006A022B /* Category.swift in Sources */,
			);
			runOnlyForDeploymentPostprocessing = 0;
		};
/* End PBXSourcesBuildPhase section */

/* Begin PBXVariantGroup section */
		B5D4FB1228F4B7330028998D /* Main.storyboard */ = {
			isa = PBXVariantGroup;
			children = (
				B5D4FB1328F4B7330028998D /* Base */,
			);
			name = Main.storyboard;
			sourceTree = "<group>";
		};
		B5D4FB1728F4B7360028998D /* LaunchScreen.storyboard */ = {
			isa = PBXVariantGroup;
			children = (
				B5D4FB1828F4B7360028998D /* Base */,
			);
			name = LaunchScreen.storyboard;
			sourceTree = "<group>";
		};
/* End PBXVariantGroup section */

/* Begin XCBuildConfiguration section */
		B5D4FB1B28F4B7360028998D /* Debug */ = {
			isa = XCBuildConfiguration;
			buildSettings = {
				ALWAYS_SEARCH_USER_PATHS = NO;
				CLANG_ANALYZER_NONNULL = YES;
				CLANG_ANALYZER_NUMBER_OBJECT_CONVERSION = YES_AGGRESSIVE;
				CLANG_CXX_LANGUAGE_STANDARD = "gnu++20";
				CLANG_ENABLE_MODULES = YES;
				CLANG_ENABLE_OBJC_ARC = YES;
				CLANG_ENABLE_OBJC_WEAK = YES;
				CLANG_WARN_BLOCK_CAPTURE_AUTORELEASING = YES;
				CLANG_WARN_BOOL_CONVERSION = YES;
				CLANG_WARN_COMMA = YES;
				CLANG_WARN_CONSTANT_CONVERSION = YES;
				CLANG_WARN_DEPRECATED_OBJC_IMPLEMENTATIONS = YES;
				CLANG_WARN_DIRECT_OBJC_ISA_USAGE = YES_ERROR;
				CLANG_WARN_DOCUMENTATION_COMMENTS = YES;
				CLANG_WARN_EMPTY_BODY = YES;
				CLANG_WARN_ENUM_CONVERSION = YES;
				CLANG_WARN_INFINITE_RECURSION = YES;
				CLANG_WARN_INT_CONVERSION = YES;
				CLANG_WARN_NON_LITERAL_NULL_CONVERSION = YES;
				CLANG_WARN_OBJC_IMPLICIT_RETAIN_SELF = YES;
				CLANG_WARN_OBJC_LITERAL_CONVERSION = YES;
				CLANG_WARN_OBJC_ROOT_CLASS = YES_ERROR;
				CLANG_WARN_QUOTED_INCLUDE_IN_FRAMEWORK_HEADER = YES;
				CLANG_WARN_RANGE_LOOP_ANALYSIS = YES;
				CLANG_WARN_STRICT_PROTOTYPES = YES;
				CLANG_WARN_SUSPICIOUS_MOVE = YES;
				CLANG_WARN_UNGUARDED_AVAILABILITY = YES_AGGRESSIVE;
				CLANG_WARN_UNREACHABLE_CODE = YES;
				CLANG_WARN__DUPLICATE_METHOD_MATCH = YES;
				COPY_PHASE_STRIP = NO;
				DEBUG_INFORMATION_FORMAT = dwarf;
				ENABLE_STRICT_OBJC_MSGSEND = YES;
				ENABLE_TESTABILITY = YES;
				GCC_C_LANGUAGE_STANDARD = gnu11;
				GCC_DYNAMIC_NO_PIC = NO;
				GCC_NO_COMMON_BLOCKS = YES;
				GCC_OPTIMIZATION_LEVEL = 0;
				GCC_PREPROCESSOR_DEFINITIONS = (
					"DEBUG=1",
					"$(inherited)",
				);
				GCC_WARN_64_TO_32_BIT_CONVERSION = YES;
				GCC_WARN_ABOUT_RETURN_TYPE = YES_ERROR;
				GCC_WARN_UNDECLARED_SELECTOR = YES;
				GCC_WARN_UNINITIALIZED_AUTOS = YES_AGGRESSIVE;
				GCC_WARN_UNUSED_FUNCTION = YES;
				GCC_WARN_UNUSED_VARIABLE = YES;
				IPHONEOS_DEPLOYMENT_TARGET = 13.0;
				MTL_ENABLE_DEBUG_INFO = INCLUDE_SOURCE;
				MTL_FAST_MATH = YES;
				ONLY_ACTIVE_ARCH = YES;
				SDKROOT = iphoneos;
				SWIFT_ACTIVE_COMPILATION_CONDITIONS = DEBUG;
				SWIFT_OPTIMIZATION_LEVEL = "-Onone";
			};
			name = Debug;
		};
		B5D4FB1C28F4B7360028998D /* Release */ = {
			isa = XCBuildConfiguration;
			buildSettings = {
				ALWAYS_SEARCH_USER_PATHS = NO;
				CLANG_ANALYZER_NONNULL = YES;
				CLANG_ANALYZER_NUMBER_OBJECT_CONVERSION = YES_AGGRESSIVE;
				CLANG_CXX_LANGUAGE_STANDARD = "gnu++20";
				CLANG_ENABLE_MODULES = YES;
				CLANG_ENABLE_OBJC_ARC = YES;
				CLANG_ENABLE_OBJC_WEAK = YES;
				CLANG_WARN_BLOCK_CAPTURE_AUTORELEASING = YES;
				CLANG_WARN_BOOL_CONVERSION = YES;
				CLANG_WARN_COMMA = YES;
				CLANG_WARN_CONSTANT_CONVERSION = YES;
				CLANG_WARN_DEPRECATED_OBJC_IMPLEMENTATIONS = YES;
				CLANG_WARN_DIRECT_OBJC_ISA_USAGE = YES_ERROR;
				CLANG_WARN_DOCUMENTATION_COMMENTS = YES;
				CLANG_WARN_EMPTY_BODY = YES;
				CLANG_WARN_ENUM_CONVERSION = YES;
				CLANG_WARN_INFINITE_RECURSION = YES;
				CLANG_WARN_INT_CONVERSION = YES;
				CLANG_WARN_NON_LITERAL_NULL_CONVERSION = YES;
				CLANG_WARN_OBJC_IMPLICIT_RETAIN_SELF = YES;
				CLANG_WARN_OBJC_LITERAL_CONVERSION = YES;
				CLANG_WARN_OBJC_ROOT_CLASS = YES_ERROR;
				CLANG_WARN_QUOTED_INCLUDE_IN_FRAMEWORK_HEADER = YES;
				CLANG_WARN_RANGE_LOOP_ANALYSIS = YES;
				CLANG_WARN_STRICT_PROTOTYPES = YES;
				CLANG_WARN_SUSPICIOUS_MOVE = YES;
				CLANG_WARN_UNGUARDED_AVAILABILITY = YES_AGGRESSIVE;
				CLANG_WARN_UNREACHABLE_CODE = YES;
				CLANG_WARN__DUPLICATE_METHOD_MATCH = YES;
				COPY_PHASE_STRIP = NO;
				DEBUG_INFORMATION_FORMAT = "dwarf-with-dsym";
				ENABLE_NS_ASSERTIONS = NO;
				ENABLE_STRICT_OBJC_MSGSEND = YES;
				GCC_C_LANGUAGE_STANDARD = gnu11;
				GCC_NO_COMMON_BLOCKS = YES;
				GCC_WARN_64_TO_32_BIT_CONVERSION = YES;
				GCC_WARN_ABOUT_RETURN_TYPE = YES_ERROR;
				GCC_WARN_UNDECLARED_SELECTOR = YES;
				GCC_WARN_UNINITIALIZED_AUTOS = YES_AGGRESSIVE;
				GCC_WARN_UNUSED_FUNCTION = YES;
				GCC_WARN_UNUSED_VARIABLE = YES;
				IPHONEOS_DEPLOYMENT_TARGET = 13.0;
				MTL_ENABLE_DEBUG_INFO = NO;
				MTL_FAST_MATH = YES;
				SDKROOT = iphoneos;
				SWIFT_COMPILATION_MODE = wholemodule;
				SWIFT_OPTIMIZATION_LEVEL = "-O";
				VALIDATE_PRODUCT = YES;
			};
			name = Release;
		};
		B5D4FB1E28F4B7360028998D /* Debug */ = {
			isa = XCBuildConfiguration;
			buildSettings = {
				ASSETCATALOG_COMPILER_APPICON_NAME = AppIcon;
				ASSETCATALOG_COMPILER_GLOBAL_ACCENT_COLOR_NAME = AccentColor;
				CODE_SIGN_STYLE = Automatic;
				CURRENT_PROJECT_VERSION = 1;
				DEVELOPMENT_TEAM = 5X6RZ5N5BC;
				GENERATE_INFOPLIST_FILE = YES;
				INFOPLIST_FILE = Todoey/Info.plist;
				INFOPLIST_KEY_UIApplicationSupportsIndirectInputEvents = YES;
				INFOPLIST_KEY_UILaunchStoryboardName = LaunchScreen;
				INFOPLIST_KEY_UIMainStoryboardFile = Main;
				INFOPLIST_KEY_UISupportedInterfaceOrientations_iPad = "UIInterfaceOrientationPortrait UIInterfaceOrientationPortraitUpsideDown UIInterfaceOrientationLandscapeLeft UIInterfaceOrientationLandscapeRight";
				INFOPLIST_KEY_UISupportedInterfaceOrientations_iPhone = "UIInterfaceOrientationPortrait UIInterfaceOrientationLandscapeLeft UIInterfaceOrientationLandscapeRight";
				IPHONEOS_DEPLOYMENT_TARGET = 13.0;
				LD_RUNPATH_SEARCH_PATHS = (
					"$(inherited)",
					"@executable_path/Frameworks",
				);
				MARKETING_VERSION = 1.0;
				PRODUCT_BUNDLE_IDENTIFIER = com.dmitry4ch.Todoey;
				PRODUCT_NAME = "$(TARGET_NAME)";
				SWIFT_EMIT_LOC_STRINGS = YES;
				SWIFT_VERSION = 5.0;
				TARGETED_DEVICE_FAMILY = "1,2";
			};
			name = Debug;
		};
		B5D4FB1F28F4B7360028998D /* Release */ = {
			isa = XCBuildConfiguration;
			buildSettings = {
				ASSETCATALOG_COMPILER_APPICON_NAME = AppIcon;
				ASSETCATALOG_COMPILER_GLOBAL_ACCENT_COLOR_NAME = AccentColor;
				CODE_SIGN_STYLE = Automatic;
				CURRENT_PROJECT_VERSION = 1;
				DEVELOPMENT_TEAM = 5X6RZ5N5BC;
				GENERATE_INFOPLIST_FILE = YES;
				INFOPLIST_FILE = Todoey/Info.plist;
				INFOPLIST_KEY_UIApplicationSupportsIndirectInputEvents = YES;
				INFOPLIST_KEY_UILaunchStoryboardName = LaunchScreen;
				INFOPLIST_KEY_UIMainStoryboardFile = Main;
				INFOPLIST_KEY_UISupportedInterfaceOrientations_iPad = "UIInterfaceOrientationPortrait UIInterfaceOrientationPortraitUpsideDown UIInterfaceOrientationLandscapeLeft UIInterfaceOrientationLandscapeRight";
				INFOPLIST_KEY_UISupportedInterfaceOrientations_iPhone = "UIInterfaceOrientationPortrait UIInterfaceOrientationLandscapeLeft UIInterfaceOrientationLandscapeRight";
				IPHONEOS_DEPLOYMENT_TARGET = 13.0;
				LD_RUNPATH_SEARCH_PATHS = (
					"$(inherited)",
					"@executable_path/Frameworks",
				);
				MARKETING_VERSION = 1.0;
				PRODUCT_BUNDLE_IDENTIFIER = com.dmitry4ch.Todoey;
				PRODUCT_NAME = "$(TARGET_NAME)";
				SWIFT_EMIT_LOC_STRINGS = YES;
				SWIFT_VERSION = 5.0;
				TARGETED_DEVICE_FAMILY = "1,2";
			};
			name = Release;
		};
/* End XCBuildConfiguration section */

/* Begin XCConfigurationList section */
		B5D4FB0428F4B7330028998D /* Build configuration list for PBXProject "Todoey" */ = {
			isa = XCConfigurationList;
			buildConfigurations = (
				B5D4FB1B28F4B7360028998D /* Debug */,
				B5D4FB1C28F4B7360028998D /* Release */,
			);
			defaultConfigurationIsVisible = 0;
			defaultConfigurationName = Release;
		};
		B5D4FB1D28F4B7360028998D /* Build configuration list for PBXNativeTarget "Todoey" */ = {
			isa = XCConfigurationList;
			buildConfigurations = (
				B5D4FB1E28F4B7360028998D /* Debug */,
				B5D4FB1F28F4B7360028998D /* Release */,
			);
			defaultConfigurationIsVisible = 0;
			defaultConfigurationName = Release;
		};
/* End XCConfigurationList section */

/* Begin XCRemoteSwiftPackageReference section */
		B51EAA1A28FF21AB008CEF10 /* XCRemoteSwiftPackageReference "realm-swift" */ = {
			isa = XCRemoteSwiftPackageReference;
			repositoryURL = "https://github.com/realm/realm-swift.git";
			requirement = {
				kind = upToNextMajorVersion;
				minimumVersion = 10.32.0;
			};
		};
/* End XCRemoteSwiftPackageReference section */

/* Begin XCSwiftPackageProductDependency section */
		B51EAA1B28FF21AB008CEF10 /* Realm */ = {
			isa = XCSwiftPackageProductDependency;
			package = B51EAA1A28FF21AB008CEF10 /* XCRemoteSwiftPackageReference "realm-swift" */;
			productName = Realm;
		};
		B51EAA1D28FF21AB008CEF10 /* RealmSwift */ = {
			isa = XCSwiftPackageProductDependency;
			package = B51EAA1A28FF21AB008CEF10 /* XCRemoteSwiftPackageReference "realm-swift" */;
			productName = RealmSwift;
		};
/* End XCSwiftPackageProductDependency section */
	};
	rootObject = B5D4FB0128F4B7330028998D /* Project object */;
}
